// !$*UTF8*$!
{
	archiveVersion = 1;
	classes = {
	};
	objectVersion = 56;
	objects = {

/* Begin PBXBuildFile section */
		C80C20592A5DDBB700785E3E /* Camera.swift in Sources */ = {isa = PBXBuildFile; fileRef = C80C20582A5DDBB700785E3E /* Camera.swift */; };
		C80C205B2A5DDBDC00785E3E /* CameraView.swift in Sources */ = {isa = PBXBuildFile; fileRef = C80C205A2A5DDBDC00785E3E /* CameraView.swift */; };
		C80C205D2A5DF40900785E3E /* Serving.swift in Sources */ = {isa = PBXBuildFile; fileRef = C80C205C2A5DF40900785E3E /* Serving.swift */; };
		C80C205F2A5E1A4000785E3E /* FoodRowView.swift in Sources */ = {isa = PBXBuildFile; fileRef = C80C205E2A5E1A4000785E3E /* FoodRowView.swift */; };
		C80C20642A5F825500785E3E /* Helpers.swift in Sources */ = {isa = PBXBuildFile; fileRef = C80C20632A5F825500785E3E /* Helpers.swift */; };
		C80C206B2A5F936B00785E3E /* DatePickerView.swift in Sources */ = {isa = PBXBuildFile; fileRef = C80C206A2A5F936B00785E3E /* DatePickerView.swift */; };
		C80C206D2A5F959700785E3E /* DiarySummaryView.swift in Sources */ = {isa = PBXBuildFile; fileRef = C80C206C2A5F959700785E3E /* DiarySummaryView.swift */; };
		C80C206F2A5F99DF00785E3E /* DiaryStore.swift in Sources */ = {isa = PBXBuildFile; fileRef = C80C206E2A5F99DF00785E3E /* DiaryStore.swift */; };
		C80C20712A5F9A9400785E3E /* Store.swift in Sources */ = {isa = PBXBuildFile; fileRef = C80C20702A5F9A9400785E3E /* Store.swift */; };
		C82F87D22A6326CC00893254 /* Date.swift in Sources */ = {isa = PBXBuildFile; fileRef = C82F87D12A6326CC00893254 /* Date.swift */; };
		C84D0FB62A5A0C3000317E31 /* OFFProduct.swift in Sources */ = {isa = PBXBuildFile; fileRef = C84D0FB52A5A0C3000317E31 /* OFFProduct.swift */; };
		C86552072A5A24BE00EADBC3 /* ModelData.swift in Sources */ = {isa = PBXBuildFile; fileRef = C86552062A5A24BE00EADBC3 /* ModelData.swift */; };
		C86552092A5A25B400EADBC3 /* FoodDetailView.swift in Sources */ = {isa = PBXBuildFile; fileRef = C86552082A5A25B400EADBC3 /* FoodDetailView.swift */; };
		C865520B2A5A276E00EADBC3 /* openfoodfacts-example.json in Resources */ = {isa = PBXBuildFile; fileRef = C865520A2A5A276E00EADBC3 /* openfoodfacts-example.json */; };
		C86552112A5A5FF900EADBC3 /* NutritionTableView.swift in Sources */ = {isa = PBXBuildFile; fileRef = C86552102A5A5FF900EADBC3 /* NutritionTableView.swift */; };
		C86552142A5A6AE400EADBC3 /* Double.swift in Sources */ = {isa = PBXBuildFile; fileRef = C86552132A5A6AE400EADBC3 /* Double.swift */; };
		C865521D2A5B117D00EADBC3 /* DiaryRecord.swift in Sources */ = {isa = PBXBuildFile; fileRef = C865521C2A5B117D00EADBC3 /* DiaryRecord.swift */; };
		C865521F2A5B13A200EADBC3 /* DiaryRecordable.swift in Sources */ = {isa = PBXBuildFile; fileRef = C865521E2A5B13A200EADBC3 /* DiaryRecordable.swift */; };
		C88D37222A5909BC00C42A6B /* CalorieTrackerApp.swift in Sources */ = {isa = PBXBuildFile; fileRef = C88D37212A5909BC00C42A6B /* CalorieTrackerApp.swift */; };
		C88D37242A5909BC00C42A6B /* ContentView.swift in Sources */ = {isa = PBXBuildFile; fileRef = C88D37232A5909BC00C42A6B /* ContentView.swift */; };
		C88D37262A5909BD00C42A6B /* Assets.xcassets in Resources */ = {isa = PBXBuildFile; fileRef = C88D37252A5909BD00C42A6B /* Assets.xcassets */; };
		C88D37292A5909BD00C42A6B /* Preview Assets.xcassets in Resources */ = {isa = PBXBuildFile; fileRef = C88D37282A5909BD00C42A6B /* Preview Assets.xcassets */; };
		C88D37332A5909BD00C42A6B /* CalorieTrackerTests.swift in Sources */ = {isa = PBXBuildFile; fileRef = C88D37322A5909BD00C42A6B /* CalorieTrackerTests.swift */; };
		C88D373D2A5909BD00C42A6B /* CalorieTrackerUITests.swift in Sources */ = {isa = PBXBuildFile; fileRef = C88D373C2A5909BD00C42A6B /* CalorieTrackerUITests.swift */; };
		C88D373F2A5909BD00C42A6B /* CalorieTrackerUITestsLaunchTests.swift in Sources */ = {isa = PBXBuildFile; fileRef = C88D373E2A5909BD00C42A6B /* CalorieTrackerUITestsLaunchTests.swift */; };
		C88D374C2A590D1100C42A6B /* Food.swift in Sources */ = {isa = PBXBuildFile; fileRef = C88D374B2A590D1100C42A6B /* Food.swift */; };
		C8C59F492A5B62FD001B8E33 /* FoodStore.swift in Sources */ = {isa = PBXBuildFile; fileRef = C8C59F482A5B62FD001B8E33 /* FoodStore.swift */; };
		C8C59F4B2A5B664E001B8E33 /* FoodListView.swift in Sources */ = {isa = PBXBuildFile; fileRef = C8C59F4A2A5B664E001B8E33 /* FoodListView.swift */; };
		C8C59F4E2A5BB2C0001B8E33 /* FoodEditView.swift in Sources */ = {isa = PBXBuildFile; fileRef = C8C59F4D2A5BB2C0001B8E33 /* FoodEditView.swift */; };
		C8C59F502A5BBD90001B8E33 /* Dimension.swift in Sources */ = {isa = PBXBuildFile; fileRef = C8C59F4F2A5BBD90001B8E33 /* Dimension.swift */; };
		C8C92E702A6058CC004D8909 /* DiaryRecordRowView.swift in Sources */ = {isa = PBXBuildFile; fileRef = C8C92E6F2A6058CC004D8909 /* DiaryRecordRowView.swift */; };
		C8C92E722A605923004D8909 /* Image.swift in Sources */ = {isa = PBXBuildFile; fileRef = C8C92E712A605923004D8909 /* Image.swift */; };
		C8C92E742A60966A004D8909 /* DiaryRecordEditView.swift in Sources */ = {isa = PBXBuildFile; fileRef = C8C92E732A60966A004D8909 /* DiaryRecordEditView.swift */; };
		C8C92E762A60FD0B004D8909 /* ViewModifiers.swift in Sources */ = {isa = PBXBuildFile; fileRef = C8C92E752A60FD0B004D8909 /* ViewModifiers.swift */; };
		C8CCCC552A5A022200814527 /* Nutrition.swift in Sources */ = {isa = PBXBuildFile; fileRef = C8CCCC542A5A022200814527 /* Nutrition.swift */; };
		C8CCCC572A5A025900814527 /* Recipe.swift in Sources */ = {isa = PBXBuildFile; fileRef = C8CCCC562A5A025900814527 /* Recipe.swift */; };
/* End PBXBuildFile section */

/* Begin PBXContainerItemProxy section */
		C88D372F2A5909BD00C42A6B /* PBXContainerItemProxy */ = {
			isa = PBXContainerItemProxy;
			containerPortal = C88D37162A5909BC00C42A6B /* Project object */;
			proxyType = 1;
			remoteGlobalIDString = C88D371D2A5909BC00C42A6B;
			remoteInfo = CalorieTracker;
		};
		C88D37392A5909BD00C42A6B /* PBXContainerItemProxy */ = {
			isa = PBXContainerItemProxy;
			containerPortal = C88D37162A5909BC00C42A6B /* Project object */;
			proxyType = 1;
			remoteGlobalIDString = C88D371D2A5909BC00C42A6B;
			remoteInfo = CalorieTracker;
		};
/* End PBXContainerItemProxy section */

/* Begin PBXFileReference section */
		C80C20582A5DDBB700785E3E /* Camera.swift */ = {isa = PBXFileReference; lastKnownFileType = sourcecode.swift; path = Camera.swift; sourceTree = "<group>"; };
		C80C205A2A5DDBDC00785E3E /* CameraView.swift */ = {isa = PBXFileReference; lastKnownFileType = sourcecode.swift; path = CameraView.swift; sourceTree = "<group>"; };
		C80C205C2A5DF40900785E3E /* Serving.swift */ = {isa = PBXFileReference; lastKnownFileType = sourcecode.swift; path = Serving.swift; sourceTree = "<group>"; };
		C80C205E2A5E1A4000785E3E /* FoodRowView.swift */ = {isa = PBXFileReference; lastKnownFileType = sourcecode.swift; path = FoodRowView.swift; sourceTree = "<group>"; };
		C80C20632A5F825500785E3E /* Helpers.swift */ = {isa = PBXFileReference; lastKnownFileType = sourcecode.swift; path = Helpers.swift; sourceTree = "<group>"; };
		C80C206A2A5F936B00785E3E /* DatePickerView.swift */ = {isa = PBXFileReference; lastKnownFileType = sourcecode.swift; path = DatePickerView.swift; sourceTree = "<group>"; };
		C80C206C2A5F959700785E3E /* DiarySummaryView.swift */ = {isa = PBXFileReference; lastKnownFileType = sourcecode.swift; path = DiarySummaryView.swift; sourceTree = "<group>"; };
		C80C206E2A5F99DF00785E3E /* DiaryStore.swift */ = {isa = PBXFileReference; lastKnownFileType = sourcecode.swift; path = DiaryStore.swift; sourceTree = "<group>"; };
		C80C20702A5F9A9400785E3E /* Store.swift */ = {isa = PBXFileReference; lastKnownFileType = sourcecode.swift; path = Store.swift; sourceTree = "<group>"; };
		C82F87D12A6326CC00893254 /* Date.swift */ = {isa = PBXFileReference; lastKnownFileType = sourcecode.swift; path = Date.swift; sourceTree = "<group>"; };
		C84D0FB52A5A0C3000317E31 /* OFFProduct.swift */ = {isa = PBXFileReference; lastKnownFileType = sourcecode.swift; path = OFFProduct.swift; sourceTree = "<group>"; };
		C86552062A5A24BE00EADBC3 /* ModelData.swift */ = {isa = PBXFileReference; lastKnownFileType = sourcecode.swift; path = ModelData.swift; sourceTree = "<group>"; };
		C86552082A5A25B400EADBC3 /* FoodDetailView.swift */ = {isa = PBXFileReference; lastKnownFileType = sourcecode.swift; path = FoodDetailView.swift; sourceTree = "<group>"; };
		C865520A2A5A276E00EADBC3 /* openfoodfacts-example.json */ = {isa = PBXFileReference; fileEncoding = 4; lastKnownFileType = text.json; path = "openfoodfacts-example.json"; sourceTree = "<group>"; };
		C86552102A5A5FF900EADBC3 /* NutritionTableView.swift */ = {isa = PBXFileReference; lastKnownFileType = sourcecode.swift; path = NutritionTableView.swift; sourceTree = "<group>"; };
		C86552132A5A6AE400EADBC3 /* Double.swift */ = {isa = PBXFileReference; lastKnownFileType = sourcecode.swift; path = Double.swift; sourceTree = "<group>"; };
		C865521C2A5B117D00EADBC3 /* DiaryRecord.swift */ = {isa = PBXFileReference; lastKnownFileType = sourcecode.swift; path = DiaryRecord.swift; sourceTree = "<group>"; };
		C865521E2A5B13A200EADBC3 /* DiaryRecordable.swift */ = {isa = PBXFileReference; lastKnownFileType = sourcecode.swift; path = DiaryRecordable.swift; sourceTree = "<group>"; };
		C88D371E2A5909BC00C42A6B /* CalorieTracker.app */ = {isa = PBXFileReference; explicitFileType = wrapper.application; includeInIndex = 0; path = CalorieTracker.app; sourceTree = BUILT_PRODUCTS_DIR; };
		C88D37212A5909BC00C42A6B /* CalorieTrackerApp.swift */ = {isa = PBXFileReference; lastKnownFileType = sourcecode.swift; path = CalorieTrackerApp.swift; sourceTree = "<group>"; };
		C88D37232A5909BC00C42A6B /* ContentView.swift */ = {isa = PBXFileReference; lastKnownFileType = sourcecode.swift; path = ContentView.swift; sourceTree = "<group>"; };
		C88D37252A5909BD00C42A6B /* Assets.xcassets */ = {isa = PBXFileReference; lastKnownFileType = folder.assetcatalog; path = Assets.xcassets; sourceTree = "<group>"; };
		C88D37282A5909BD00C42A6B /* Preview Assets.xcassets */ = {isa = PBXFileReference; lastKnownFileType = folder.assetcatalog; path = "Preview Assets.xcassets"; sourceTree = "<group>"; };
		C88D372E2A5909BD00C42A6B /* CalorieTrackerTests.xctest */ = {isa = PBXFileReference; explicitFileType = wrapper.cfbundle; includeInIndex = 0; path = CalorieTrackerTests.xctest; sourceTree = BUILT_PRODUCTS_DIR; };
		C88D37322A5909BD00C42A6B /* CalorieTrackerTests.swift */ = {isa = PBXFileReference; lastKnownFileType = sourcecode.swift; path = CalorieTrackerTests.swift; sourceTree = "<group>"; };
		C88D37382A5909BD00C42A6B /* CalorieTrackerUITests.xctest */ = {isa = PBXFileReference; explicitFileType = wrapper.cfbundle; includeInIndex = 0; path = CalorieTrackerUITests.xctest; sourceTree = BUILT_PRODUCTS_DIR; };
		C88D373C2A5909BD00C42A6B /* CalorieTrackerUITests.swift */ = {isa = PBXFileReference; lastKnownFileType = sourcecode.swift; path = CalorieTrackerUITests.swift; sourceTree = "<group>"; };
		C88D373E2A5909BD00C42A6B /* CalorieTrackerUITestsLaunchTests.swift */ = {isa = PBXFileReference; lastKnownFileType = sourcecode.swift; path = CalorieTrackerUITestsLaunchTests.swift; sourceTree = "<group>"; };
		C88D374B2A590D1100C42A6B /* Food.swift */ = {isa = PBXFileReference; lastKnownFileType = sourcecode.swift; path = Food.swift; sourceTree = "<group>"; };
		C8C59F482A5B62FD001B8E33 /* FoodStore.swift */ = {isa = PBXFileReference; lastKnownFileType = sourcecode.swift; path = FoodStore.swift; sourceTree = "<group>"; };
		C8C59F4A2A5B664E001B8E33 /* FoodListView.swift */ = {isa = PBXFileReference; lastKnownFileType = sourcecode.swift; path = FoodListView.swift; sourceTree = "<group>"; };
		C8C59F4D2A5BB2C0001B8E33 /* FoodEditView.swift */ = {isa = PBXFileReference; lastKnownFileType = sourcecode.swift; path = FoodEditView.swift; sourceTree = "<group>"; };
		C8C59F4F2A5BBD90001B8E33 /* Dimension.swift */ = {isa = PBXFileReference; lastKnownFileType = sourcecode.swift; path = Dimension.swift; sourceTree = "<group>"; };
		C8C92E6F2A6058CC004D8909 /* DiaryRecordRowView.swift */ = {isa = PBXFileReference; lastKnownFileType = sourcecode.swift; path = DiaryRecordRowView.swift; sourceTree = "<group>"; };
		C8C92E712A605923004D8909 /* Image.swift */ = {isa = PBXFileReference; lastKnownFileType = sourcecode.swift; path = Image.swift; sourceTree = "<group>"; };
		C8C92E732A60966A004D8909 /* DiaryRecordEditView.swift */ = {isa = PBXFileReference; lastKnownFileType = sourcecode.swift; path = DiaryRecordEditView.swift; sourceTree = "<group>"; };
		C8C92E752A60FD0B004D8909 /* ViewModifiers.swift */ = {isa = PBXFileReference; lastKnownFileType = sourcecode.swift; path = ViewModifiers.swift; sourceTree = "<group>"; };
		C8CCCC542A5A022200814527 /* Nutrition.swift */ = {isa = PBXFileReference; lastKnownFileType = sourcecode.swift; path = Nutrition.swift; sourceTree = "<group>"; };
		C8CCCC562A5A025900814527 /* Recipe.swift */ = {isa = PBXFileReference; lastKnownFileType = sourcecode.swift; path = Recipe.swift; sourceTree = "<group>"; };
/* End PBXFileReference section */

/* Begin PBXFrameworksBuildPhase section */
		C88D371B2A5909BC00C42A6B /* Frameworks */ = {
			isa = PBXFrameworksBuildPhase;
			buildActionMask = 2147483647;
			files = (
			);
			runOnlyForDeploymentPostprocessing = 0;
		};
		C88D372B2A5909BD00C42A6B /* Frameworks */ = {
			isa = PBXFrameworksBuildPhase;
			buildActionMask = 2147483647;
			files = (
			);
			runOnlyForDeploymentPostprocessing = 0;
		};
		C88D37352A5909BD00C42A6B /* Frameworks */ = {
			isa = PBXFrameworksBuildPhase;
			buildActionMask = 2147483647;
			files = (
			);
			runOnlyForDeploymentPostprocessing = 0;
		};
/* End PBXFrameworksBuildPhase section */

/* Begin PBXGroup section */
		C80C20622A5F78CB00785E3E /* Food-Recipe */ = {
			isa = PBXGroup;
			children = (
				C8CCCC542A5A022200814527 /* Nutrition.swift */,
				C88D374B2A590D1100C42A6B /* Food.swift */,
				C8CCCC562A5A025900814527 /* Recipe.swift */,
				C8C59F482A5B62FD001B8E33 /* FoodStore.swift */,
			);
			path = "Food-Recipe";
			sourceTree = "<group>";
		};
		C80C20652A5F8BE700785E3E /* Diary */ = {
			isa = PBXGroup;
			children = (
				C865521E2A5B13A200EADBC3 /* DiaryRecordable.swift */,
				C865521C2A5B117D00EADBC3 /* DiaryRecord.swift */,
				C80C206E2A5F99DF00785E3E /* DiaryStore.swift */,
			);
			path = Diary;
			sourceTree = "<group>";
		};
		C80C20662A5F8C2A00785E3E /* Food-Recipe */ = {
			isa = PBXGroup;
			children = (
				C8C59F4A2A5B664E001B8E33 /* FoodListView.swift */,
				C86552082A5A25B400EADBC3 /* FoodDetailView.swift */,
				C8C59F4D2A5BB2C0001B8E33 /* FoodEditView.swift */,
				C80C205E2A5E1A4000785E3E /* FoodRowView.swift */,
			);
			path = "Food-Recipe";
			sourceTree = "<group>";
		};
		C80C20672A5F8C3300785E3E /* Diary */ = {
			isa = PBXGroup;
			children = (
				C80C206C2A5F959700785E3E /* DiarySummaryView.swift */,
				C8C92E6F2A6058CC004D8909 /* DiaryRecordRowView.swift */,
				C8C92E732A60966A004D8909 /* DiaryRecordEditView.swift */,
			);
			path = Diary;
			sourceTree = "<group>";
		};
		C865520E2A5A5F9500EADBC3 /* View */ = {
			isa = PBXGroup;
			children = (
				C88D37232A5909BC00C42A6B /* ContentView.swift */,
				C80C205A2A5DDBDC00785E3E /* CameraView.swift */,
				C86552102A5A5FF900EADBC3 /* NutritionTableView.swift */,
				C80C206A2A5F936B00785E3E /* DatePickerView.swift */,
				C8C92E752A60FD0B004D8909 /* ViewModifiers.swift */,
				C80C20662A5F8C2A00785E3E /* Food-Recipe */,
				C80C20672A5F8C3300785E3E /* Diary */,
			);
			path = View;
			sourceTree = "<group>";
		};
		C865520F2A5A5F9F00EADBC3 /* Model */ = {
			isa = PBXGroup;
			children = (
				C86552062A5A24BE00EADBC3 /* ModelData.swift */,
				C84D0FB52A5A0C3000317E31 /* OFFProduct.swift */,
				C80C205C2A5DF40900785E3E /* Serving.swift */,
				C80C20702A5F9A9400785E3E /* Store.swift */,
				C80C20622A5F78CB00785E3E /* Food-Recipe */,
				C80C20652A5F8BE700785E3E /* Diary */,
				C86552122A5A6AD700EADBC3 /* Extensions */,
				C80C20582A5DDBB700785E3E /* Camera.swift */,
				C80C20632A5F825500785E3E /* Helpers.swift */,
			);
			path = Model;
			sourceTree = "<group>";
		};
		C86552122A5A6AD700EADBC3 /* Extensions */ = {
			isa = PBXGroup;
			children = (
				C86552132A5A6AE400EADBC3 /* Double.swift */,
				C8C59F4F2A5BBD90001B8E33 /* Dimension.swift */,
				C8C92E712A605923004D8909 /* Image.swift */,
				C82F87D12A6326CC00893254 /* Date.swift */,
			);
			path = Extensions;
			sourceTree = "<group>";
		};
		C88D37152A5909BC00C42A6B = {
			isa = PBXGroup;
			children = (
				C88D37202A5909BC00C42A6B /* CalorieTracker */,
				C88D37312A5909BD00C42A6B /* CalorieTrackerTests */,
				C88D373B2A5909BD00C42A6B /* CalorieTrackerUITests */,
				C88D371F2A5909BC00C42A6B /* Products */,
			);
			sourceTree = "<group>";
		};
		C88D371F2A5909BC00C42A6B /* Products */ = {
			isa = PBXGroup;
			children = (
				C88D371E2A5909BC00C42A6B /* CalorieTracker.app */,
				C88D372E2A5909BD00C42A6B /* CalorieTrackerTests.xctest */,
				C88D37382A5909BD00C42A6B /* CalorieTrackerUITests.xctest */,
			);
			name = Products;
			sourceTree = "<group>";
		};
		C88D37202A5909BC00C42A6B /* CalorieTracker */ = {
			isa = PBXGroup;
			children = (
				C88D37212A5909BC00C42A6B /* CalorieTrackerApp.swift */,
				C865520E2A5A5F9500EADBC3 /* View */,
				C865520F2A5A5F9F00EADBC3 /* Model */,
				C865520A2A5A276E00EADBC3 /* openfoodfacts-example.json */,
				C88D37252A5909BD00C42A6B /* Assets.xcassets */,
				C88D37272A5909BD00C42A6B /* Preview Content */,
			);
			path = CalorieTracker;
			sourceTree = "<group>";
		};
		C88D37272A5909BD00C42A6B /* Preview Content */ = {
			isa = PBXGroup;
			children = (
				C88D37282A5909BD00C42A6B /* Preview Assets.xcassets */,
			);
			path = "Preview Content";
			sourceTree = "<group>";
		};
		C88D37312A5909BD00C42A6B /* CalorieTrackerTests */ = {
			isa = PBXGroup;
			children = (
				C88D37322A5909BD00C42A6B /* CalorieTrackerTests.swift */,
			);
			path = CalorieTrackerTests;
			sourceTree = "<group>";
		};
		C88D373B2A5909BD00C42A6B /* CalorieTrackerUITests */ = {
			isa = PBXGroup;
			children = (
				C88D373C2A5909BD00C42A6B /* CalorieTrackerUITests.swift */,
				C88D373E2A5909BD00C42A6B /* CalorieTrackerUITestsLaunchTests.swift */,
			);
			path = CalorieTrackerUITests;
			sourceTree = "<group>";
		};
/* End PBXGroup section */

/* Begin PBXNativeTarget section */
		C88D371D2A5909BC00C42A6B /* CalorieTracker */ = {
			isa = PBXNativeTarget;
			buildConfigurationList = C88D37422A5909BD00C42A6B /* Build configuration list for PBXNativeTarget "CalorieTracker" */;
			buildPhases = (
				C88D371A2A5909BC00C42A6B /* Sources */,
				C88D371B2A5909BC00C42A6B /* Frameworks */,
				C88D371C2A5909BC00C42A6B /* Resources */,
			);
			buildRules = (
			);
			dependencies = (
			);
			name = CalorieTracker;
			packageProductDependencies = (
			);
			productName = CalorieTracker;
			productReference = C88D371E2A5909BC00C42A6B /* CalorieTracker.app */;
			productType = "com.apple.product-type.application";
		};
		C88D372D2A5909BD00C42A6B /* CalorieTrackerTests */ = {
			isa = PBXNativeTarget;
			buildConfigurationList = C88D37452A5909BD00C42A6B /* Build configuration list for PBXNativeTarget "CalorieTrackerTests" */;
			buildPhases = (
				C88D372A2A5909BD00C42A6B /* Sources */,
				C88D372B2A5909BD00C42A6B /* Frameworks */,
				C88D372C2A5909BD00C42A6B /* Resources */,
			);
			buildRules = (
			);
			dependencies = (
				C88D37302A5909BD00C42A6B /* PBXTargetDependency */,
			);
			name = CalorieTrackerTests;
			productName = CalorieTrackerTests;
			productReference = C88D372E2A5909BD00C42A6B /* CalorieTrackerTests.xctest */;
			productType = "com.apple.product-type.bundle.unit-test";
		};
		C88D37372A5909BD00C42A6B /* CalorieTrackerUITests */ = {
			isa = PBXNativeTarget;
			buildConfigurationList = C88D37482A5909BD00C42A6B /* Build configuration list for PBXNativeTarget "CalorieTrackerUITests" */;
			buildPhases = (
				C88D37342A5909BD00C42A6B /* Sources */,
				C88D37352A5909BD00C42A6B /* Frameworks */,
				C88D37362A5909BD00C42A6B /* Resources */,
			);
			buildRules = (
			);
			dependencies = (
				C88D373A2A5909BD00C42A6B /* PBXTargetDependency */,
			);
			name = CalorieTrackerUITests;
			productName = CalorieTrackerUITests;
			productReference = C88D37382A5909BD00C42A6B /* CalorieTrackerUITests.xctest */;
			productType = "com.apple.product-type.bundle.ui-testing";
		};
/* End PBXNativeTarget section */

/* Begin PBXProject section */
		C88D37162A5909BC00C42A6B /* Project object */ = {
			isa = PBXProject;
			attributes = {
				BuildIndependentTargetsInParallel = 1;
				LastSwiftUpdateCheck = 1500;
				LastUpgradeCheck = 1500;
				TargetAttributes = {
					C88D371D2A5909BC00C42A6B = {
						CreatedOnToolsVersion = 15.0;
					};
					C88D372D2A5909BD00C42A6B = {
						CreatedOnToolsVersion = 15.0;
						TestTargetID = C88D371D2A5909BC00C42A6B;
					};
					C88D37372A5909BD00C42A6B = {
						CreatedOnToolsVersion = 15.0;
						TestTargetID = C88D371D2A5909BC00C42A6B;
					};
				};
			};
			buildConfigurationList = C88D37192A5909BC00C42A6B /* Build configuration list for PBXProject "CalorieTracker" */;
			compatibilityVersion = "Xcode 14.0";
			developmentRegion = en;
			hasScannedForEncodings = 0;
			knownRegions = (
				en,
				Base,
				de,
				ur,
				cv,
				he,
				yi,
				ar,
				el,
				"zh-Hans",
				ja,
				mi,
				sh,
				fa,
				mr,
				ss,
				wo,
				sq,
				iu,
				crs,
				eu,
				ty,
				ak,
				sr_Cyrl,
				sr,
				co,
				lb,
				uk,
				"zh-HK",
				qu,
				kab,
				yo,
				gu,
				ku,
				kn,
				tzl,
				mt,
				sn,
				nb,
				pa,
				am,
				es,
				sw,
				is,
				son,
				sl,
				vec,
				kw,
				da,
				gl,
				"nl-BE",
				ha,
				sr_Latn,
				"sr-Latn",
				eo,
				et,
				it,
				bg,
				vls,
				sk,
				kk,
				"nn-NO",
				ve,
				la,
				sat,
				ms,
				si,
				be,
				ta,
				ne,
				as,
				ii,
				ml,
				sv,
				te,
				sco,
				cs,
				km,
				lol,
				ko,
				fil,
				hy,
				chr,
				"zh-Hant",
				tg,
				so,
				mn,
				st,
				sc,
				bo,
				my,
				no,
				hu,
				ach,
				ka,
				ga,
				tr,
				ti,
				ast,
				pl,
				bm,
				sa,
				nr,
				br,
				"pt-BR",
				vi,
				lv,
				lo,
				lt,
				ru,
				cy,
				sma,
				sg,
				af,
				tt,
				ce,
				uz,
				zea,
				fr,
				fi,
				xh,
				id,
				nl,
				th,
				aa,
				az,
				ts,
				nn,
				pt,
				ber,
				bn,
				ky,
				zu,
				"pt-PT",
				ht,
				ug,
				oc,
				val,
				ro,
				tn,
				fo,
				mg,
				wa,
				sd,
				bs,
				jv,
				tw,
				tl,
				hr,
				hi,
				rm,
				ca,
				gd,
				zh,
			);
			mainGroup = C88D37152A5909BC00C42A6B;
			packageReferences = (
			);
			productRefGroup = C88D371F2A5909BC00C42A6B /* Products */;
			projectDirPath = "";
			projectRoot = "";
			targets = (
				C88D371D2A5909BC00C42A6B /* CalorieTracker */,
				C88D372D2A5909BD00C42A6B /* CalorieTrackerTests */,
				C88D37372A5909BD00C42A6B /* CalorieTrackerUITests */,
			);
		};
/* End PBXProject section */

/* Begin PBXResourcesBuildPhase section */
		C88D371C2A5909BC00C42A6B /* Resources */ = {
			isa = PBXResourcesBuildPhase;
			buildActionMask = 2147483647;
			files = (
				C865520B2A5A276E00EADBC3 /* openfoodfacts-example.json in Resources */,
				C88D37292A5909BD00C42A6B /* Preview Assets.xcassets in Resources */,
				C88D37262A5909BD00C42A6B /* Assets.xcassets in Resources */,
			);
			runOnlyForDeploymentPostprocessing = 0;
		};
		C88D372C2A5909BD00C42A6B /* Resources */ = {
			isa = PBXResourcesBuildPhase;
			buildActionMask = 2147483647;
			files = (
			);
			runOnlyForDeploymentPostprocessing = 0;
		};
		C88D37362A5909BD00C42A6B /* Resources */ = {
			isa = PBXResourcesBuildPhase;
			buildActionMask = 2147483647;
			files = (
			);
			runOnlyForDeploymentPostprocessing = 0;
		};
/* End PBXResourcesBuildPhase section */

/* Begin PBXSourcesBuildPhase section */
		C88D371A2A5909BC00C42A6B /* Sources */ = {
			isa = PBXSourcesBuildPhase;
			buildActionMask = 2147483647;
			files = (
				C8C59F502A5BBD90001B8E33 /* Dimension.swift in Sources */,
				C80C20642A5F825500785E3E /* Helpers.swift in Sources */,
				C865521D2A5B117D00EADBC3 /* DiaryRecord.swift in Sources */,
				C8C92E722A605923004D8909 /* Image.swift in Sources */,
				C80C20592A5DDBB700785E3E /* Camera.swift in Sources */,
				C80C205F2A5E1A4000785E3E /* FoodRowView.swift in Sources */,
				C80C205D2A5DF40900785E3E /* Serving.swift in Sources */,
				C80C205B2A5DDBDC00785E3E /* CameraView.swift in Sources */,
				C80C20712A5F9A9400785E3E /* Store.swift in Sources */,
				C88D37242A5909BC00C42A6B /* ContentView.swift in Sources */,
				C86552092A5A25B400EADBC3 /* FoodDetailView.swift in Sources */,
				C88D37222A5909BC00C42A6B /* CalorieTrackerApp.swift in Sources */,
				C88D374C2A590D1100C42A6B /* Food.swift in Sources */,
				C82F87D22A6326CC00893254 /* Date.swift in Sources */,
				C8C59F4E2A5BB2C0001B8E33 /* FoodEditView.swift in Sources */,
				C8CCCC572A5A025900814527 /* Recipe.swift in Sources */,
				C8CCCC552A5A022200814527 /* Nutrition.swift in Sources */,
				C8C92E762A60FD0B004D8909 /* ViewModifiers.swift in Sources */,
				C80C206D2A5F959700785E3E /* DiarySummaryView.swift in Sources */,
				C84D0FB62A5A0C3000317E31 /* OFFProduct.swift in Sources */,
				C86552112A5A5FF900EADBC3 /* NutritionTableView.swift in Sources */,
				C8C92E742A60966A004D8909 /* DiaryRecordEditView.swift in Sources */,
				C8C59F4B2A5B664E001B8E33 /* FoodListView.swift in Sources */,
				C865521F2A5B13A200EADBC3 /* DiaryRecordable.swift in Sources */,
				C80C206B2A5F936B00785E3E /* DatePickerView.swift in Sources */,
				C86552142A5A6AE400EADBC3 /* Double.swift in Sources */,
				C86552072A5A24BE00EADBC3 /* ModelData.swift in Sources */,
				C80C206F2A5F99DF00785E3E /* DiaryStore.swift in Sources */,
				C8C92E702A6058CC004D8909 /* DiaryRecordRowView.swift in Sources */,
				C8C59F492A5B62FD001B8E33 /* FoodStore.swift in Sources */,
			);
			runOnlyForDeploymentPostprocessing = 0;
		};
		C88D372A2A5909BD00C42A6B /* Sources */ = {
			isa = PBXSourcesBuildPhase;
			buildActionMask = 2147483647;
			files = (
				C88D37332A5909BD00C42A6B /* CalorieTrackerTests.swift in Sources */,
			);
			runOnlyForDeploymentPostprocessing = 0;
		};
		C88D37342A5909BD00C42A6B /* Sources */ = {
			isa = PBXSourcesBuildPhase;
			buildActionMask = 2147483647;
			files = (
				C88D373D2A5909BD00C42A6B /* CalorieTrackerUITests.swift in Sources */,
				C88D373F2A5909BD00C42A6B /* CalorieTrackerUITestsLaunchTests.swift in Sources */,
			);
			runOnlyForDeploymentPostprocessing = 0;
		};
/* End PBXSourcesBuildPhase section */

/* Begin PBXTargetDependency section */
		C88D37302A5909BD00C42A6B /* PBXTargetDependency */ = {
			isa = PBXTargetDependency;
			target = C88D371D2A5909BC00C42A6B /* CalorieTracker */;
			targetProxy = C88D372F2A5909BD00C42A6B /* PBXContainerItemProxy */;
		};
		C88D373A2A5909BD00C42A6B /* PBXTargetDependency */ = {
			isa = PBXTargetDependency;
			target = C88D371D2A5909BC00C42A6B /* CalorieTracker */;
			targetProxy = C88D37392A5909BD00C42A6B /* PBXContainerItemProxy */;
		};
/* End PBXTargetDependency section */

/* Begin XCBuildConfiguration section */
		C88D37402A5909BD00C42A6B /* Debug */ = {
			isa = XCBuildConfiguration;
			buildSettings = {
				ALWAYS_SEARCH_USER_PATHS = NO;
				ASSETCATALOG_COMPILER_GENERATE_SWIFT_ASSET_SYMBOL_EXTENSIONS = YES;
				CLANG_ANALYZER_NONNULL = YES;
				CLANG_ANALYZER_NUMBER_OBJECT_CONVERSION = YES_AGGRESSIVE;
				CLANG_CXX_LANGUAGE_STANDARD = "gnu++20";
				CLANG_ENABLE_MODULES = YES;
				CLANG_ENABLE_OBJC_ARC = YES;
				CLANG_ENABLE_OBJC_WEAK = YES;
				CLANG_WARN_BLOCK_CAPTURE_AUTORELEASING = YES;
				CLANG_WARN_BOOL_CONVERSION = YES;
				CLANG_WARN_COMMA = YES;
				CLANG_WARN_CONSTANT_CONVERSION = YES;
				CLANG_WARN_DEPRECATED_OBJC_IMPLEMENTATIONS = YES;
				CLANG_WARN_DIRECT_OBJC_ISA_USAGE = YES_ERROR;
				CLANG_WARN_DOCUMENTATION_COMMENTS = YES;
				CLANG_WARN_EMPTY_BODY = YES;
				CLANG_WARN_ENUM_CONVERSION = YES;
				CLANG_WARN_INFINITE_RECURSION = YES;
				CLANG_WARN_INT_CONVERSION = YES;
				CLANG_WARN_NON_LITERAL_NULL_CONVERSION = YES;
				CLANG_WARN_OBJC_IMPLICIT_RETAIN_SELF = YES;
				CLANG_WARN_OBJC_LITERAL_CONVERSION = YES;
				CLANG_WARN_OBJC_ROOT_CLASS = YES_ERROR;
				CLANG_WARN_QUOTED_INCLUDE_IN_FRAMEWORK_HEADER = YES;
				CLANG_WARN_RANGE_LOOP_ANALYSIS = YES;
				CLANG_WARN_STRICT_PROTOTYPES = YES;
				CLANG_WARN_SUSPICIOUS_MOVE = YES;
				CLANG_WARN_UNGUARDED_AVAILABILITY = YES_AGGRESSIVE;
				CLANG_WARN_UNREACHABLE_CODE = YES;
				CLANG_WARN__DUPLICATE_METHOD_MATCH = YES;
				COPY_PHASE_STRIP = NO;
				DEBUG_INFORMATION_FORMAT = dwarf;
				ENABLE_STRICT_OBJC_MSGSEND = YES;
				ENABLE_TESTABILITY = YES;
				ENABLE_USER_SCRIPT_SANDBOXING = YES;
				GCC_C_LANGUAGE_STANDARD = gnu17;
				GCC_DYNAMIC_NO_PIC = NO;
				GCC_NO_COMMON_BLOCKS = YES;
				GCC_OPTIMIZATION_LEVEL = 0;
				GCC_PREPROCESSOR_DEFINITIONS = (
					"DEBUG=1",
					"$(inherited)",
				);
				GCC_WARN_64_TO_32_BIT_CONVERSION = YES;
				GCC_WARN_ABOUT_RETURN_TYPE = YES_ERROR;
				GCC_WARN_UNDECLARED_SELECTOR = YES;
				GCC_WARN_UNINITIALIZED_AUTOS = YES_AGGRESSIVE;
				GCC_WARN_UNUSED_FUNCTION = YES;
				GCC_WARN_UNUSED_VARIABLE = YES;
				IPHONEOS_DEPLOYMENT_TARGET = 17.0;
				LOCALIZATION_PREFERS_STRING_CATALOGS = YES;
				MTL_ENABLE_DEBUG_INFO = INCLUDE_SOURCE;
				MTL_FAST_MATH = YES;
				ONLY_ACTIVE_ARCH = YES;
				SDKROOT = iphoneos;
				SWIFT_ACTIVE_COMPILATION_CONDITIONS = "DEBUG $(inherited)";
				SWIFT_OPTIMIZATION_LEVEL = "-Onone";
			};
			name = Debug;
		};
		C88D37412A5909BD00C42A6B /* Release */ = {
			isa = XCBuildConfiguration;
			buildSettings = {
				ALWAYS_SEARCH_USER_PATHS = NO;
				ASSETCATALOG_COMPILER_GENERATE_SWIFT_ASSET_SYMBOL_EXTENSIONS = YES;
				CLANG_ANALYZER_NONNULL = YES;
				CLANG_ANALYZER_NUMBER_OBJECT_CONVERSION = YES_AGGRESSIVE;
				CLANG_CXX_LANGUAGE_STANDARD = "gnu++20";
				CLANG_ENABLE_MODULES = YES;
				CLANG_ENABLE_OBJC_ARC = YES;
				CLANG_ENABLE_OBJC_WEAK = YES;
				CLANG_WARN_BLOCK_CAPTURE_AUTORELEASING = YES;
				CLANG_WARN_BOOL_CONVERSION = YES;
				CLANG_WARN_COMMA = YES;
				CLANG_WARN_CONSTANT_CONVERSION = YES;
				CLANG_WARN_DEPRECATED_OBJC_IMPLEMENTATIONS = YES;
				CLANG_WARN_DIRECT_OBJC_ISA_USAGE = YES_ERROR;
				CLANG_WARN_DOCUMENTATION_COMMENTS = YES;
				CLANG_WARN_EMPTY_BODY = YES;
				CLANG_WARN_ENUM_CONVERSION = YES;
				CLANG_WARN_INFINITE_RECURSION = YES;
				CLANG_WARN_INT_CONVERSION = YES;
				CLANG_WARN_NON_LITERAL_NULL_CONVERSION = YES;
				CLANG_WARN_OBJC_IMPLICIT_RETAIN_SELF = YES;
				CLANG_WARN_OBJC_LITERAL_CONVERSION = YES;
				CLANG_WARN_OBJC_ROOT_CLASS = YES_ERROR;
				CLANG_WARN_QUOTED_INCLUDE_IN_FRAMEWORK_HEADER = YES;
				CLANG_WARN_RANGE_LOOP_ANALYSIS = YES;
				CLANG_WARN_STRICT_PROTOTYPES = YES;
				CLANG_WARN_SUSPICIOUS_MOVE = YES;
				CLANG_WARN_UNGUARDED_AVAILABILITY = YES_AGGRESSIVE;
				CLANG_WARN_UNREACHABLE_CODE = YES;
				CLANG_WARN__DUPLICATE_METHOD_MATCH = YES;
				COPY_PHASE_STRIP = NO;
				DEBUG_INFORMATION_FORMAT = "dwarf-with-dsym";
				ENABLE_NS_ASSERTIONS = NO;
				ENABLE_STRICT_OBJC_MSGSEND = YES;
				ENABLE_USER_SCRIPT_SANDBOXING = YES;
				GCC_C_LANGUAGE_STANDARD = gnu17;
				GCC_NO_COMMON_BLOCKS = YES;
				GCC_WARN_64_TO_32_BIT_CONVERSION = YES;
				GCC_WARN_ABOUT_RETURN_TYPE = YES_ERROR;
				GCC_WARN_UNDECLARED_SELECTOR = YES;
				GCC_WARN_UNINITIALIZED_AUTOS = YES_AGGRESSIVE;
				GCC_WARN_UNUSED_FUNCTION = YES;
				GCC_WARN_UNUSED_VARIABLE = YES;
				IPHONEOS_DEPLOYMENT_TARGET = 17.0;
				LOCALIZATION_PREFERS_STRING_CATALOGS = YES;
				MTL_ENABLE_DEBUG_INFO = NO;
				MTL_FAST_MATH = YES;
				SDKROOT = iphoneos;
				SWIFT_COMPILATION_MODE = wholemodule;
				VALIDATE_PRODUCT = YES;
			};
			name = Release;
		};
		C88D37432A5909BD00C42A6B /* Debug */ = {
			isa = XCBuildConfiguration;
			buildSettings = {
				ASSETCATALOG_COMPILER_APPICON_NAME = AppIcon;
				ASSETCATALOG_COMPILER_GLOBAL_ACCENT_COLOR_NAME = AccentColor;
				CODE_SIGN_STYLE = Automatic;
				CURRENT_PROJECT_VERSION = 1;
				DEVELOPMENT_ASSET_PATHS = "\"CalorieTracker/Preview Content\"";
				DEVELOPMENT_TEAM = 88T87KFNZG;
				ENABLE_PREVIEWS = YES;
				GENERATE_INFOPLIST_FILE = YES;
				INFOPLIST_KEY_UIApplicationSceneManifest_Generation = YES;
				INFOPLIST_KEY_UIApplicationSupportsIndirectInputEvents = YES;
				INFOPLIST_KEY_UILaunchScreen_Generation = YES;
				INFOPLIST_KEY_UISupportedInterfaceOrientations_iPad = "UIInterfaceOrientationPortrait UIInterfaceOrientationPortraitUpsideDown UIInterfaceOrientationLandscapeLeft UIInterfaceOrientationLandscapeRight";
				INFOPLIST_KEY_UISupportedInterfaceOrientations_iPhone = "UIInterfaceOrientationPortrait UIInterfaceOrientationLandscapeLeft UIInterfaceOrientationLandscapeRight";
				LD_RUNPATH_SEARCH_PATHS = (
					"$(inherited)",
					"@executable_path/Frameworks",
				);
				MARKETING_VERSION = 1.0;
				PRODUCT_BUNDLE_IDENTIFIER = HongruLiu.CalorieTracker;
				PRODUCT_NAME = "$(TARGET_NAME)";
				SWIFT_EMIT_LOC_STRINGS = YES;
				SWIFT_VERSION = 5.0;
				TARGETED_DEVICE_FAMILY = "1,2";
			};
			name = Debug;
		};
		C88D37442A5909BD00C42A6B /* Release */ = {
			isa = XCBuildConfiguration;
			buildSettings = {
				ASSETCATALOG_COMPILER_APPICON_NAME = AppIcon;
				ASSETCATALOG_COMPILER_GLOBAL_ACCENT_COLOR_NAME = AccentColor;
				CODE_SIGN_STYLE = Automatic;
				CURRENT_PROJECT_VERSION = 1;
				DEVELOPMENT_ASSET_PATHS = "\"CalorieTracker/Preview Content\"";
				DEVELOPMENT_TEAM = 88T87KFNZG;
				ENABLE_PREVIEWS = YES;
				GENERATE_INFOPLIST_FILE = YES;
				INFOPLIST_KEY_UIApplicationSceneManifest_Generation = YES;
				INFOPLIST_KEY_UIApplicationSupportsIndirectInputEvents = YES;
				INFOPLIST_KEY_UILaunchScreen_Generation = YES;
				INFOPLIST_KEY_UISupportedInterfaceOrientations_iPad = "UIInterfaceOrientationPortrait UIInterfaceOrientationPortraitUpsideDown UIInterfaceOrientationLandscapeLeft UIInterfaceOrientationLandscapeRight";
				INFOPLIST_KEY_UISupportedInterfaceOrientations_iPhone = "UIInterfaceOrientationPortrait UIInterfaceOrientationLandscapeLeft UIInterfaceOrientationLandscapeRight";
				LD_RUNPATH_SEARCH_PATHS = (
					"$(inherited)",
					"@executable_path/Frameworks",
				);
				MARKETING_VERSION = 1.0;
				PRODUCT_BUNDLE_IDENTIFIER = HongruLiu.CalorieTracker;
				PRODUCT_NAME = "$(TARGET_NAME)";
				SWIFT_EMIT_LOC_STRINGS = YES;
				SWIFT_VERSION = 5.0;
				TARGETED_DEVICE_FAMILY = "1,2";
			};
			name = Release;
		};
		C88D37462A5909BD00C42A6B /* Debug */ = {
			isa = XCBuildConfiguration;
			buildSettings = {
				ALWAYS_EMBED_SWIFT_STANDARD_LIBRARIES = YES;
				BUNDLE_LOADER = "$(TEST_HOST)";
				CODE_SIGN_STYLE = Automatic;
				CURRENT_PROJECT_VERSION = 1;
				DEVELOPMENT_TEAM = 88T87KFNZG;
				GENERATE_INFOPLIST_FILE = YES;
				IPHONEOS_DEPLOYMENT_TARGET = 17.0;
				MARKETING_VERSION = 1.0;
				PRODUCT_BUNDLE_IDENTIFIER = HongruLiu.CalorieTrackerTests;
				PRODUCT_NAME = "$(TARGET_NAME)";
				SWIFT_EMIT_LOC_STRINGS = NO;
				SWIFT_VERSION = 5.0;
				TARGETED_DEVICE_FAMILY = "1,2";
				TEST_HOST = "$(BUILT_PRODUCTS_DIR)/CalorieTracker.app/$(BUNDLE_EXECUTABLE_FOLDER_PATH)/CalorieTracker";
			};
			name = Debug;
		};
		C88D37472A5909BD00C42A6B /* Release */ = {
			isa = XCBuildConfiguration;
			buildSettings = {
				ALWAYS_EMBED_SWIFT_STANDARD_LIBRARIES = YES;
				BUNDLE_LOADER = "$(TEST_HOST)";
				CODE_SIGN_STYLE = Automatic;
				CURRENT_PROJECT_VERSION = 1;
				DEVELOPMENT_TEAM = 88T87KFNZG;
				GENERATE_INFOPLIST_FILE = YES;
				IPHONEOS_DEPLOYMENT_TARGET = 17.0;
				MARKETING_VERSION = 1.0;
				PRODUCT_BUNDLE_IDENTIFIER = HongruLiu.CalorieTrackerTests;
				PRODUCT_NAME = "$(TARGET_NAME)";
				SWIFT_EMIT_LOC_STRINGS = NO;
				SWIFT_VERSION = 5.0;
				TARGETED_DEVICE_FAMILY = "1,2";
				TEST_HOST = "$(BUILT_PRODUCTS_DIR)/CalorieTracker.app/$(BUNDLE_EXECUTABLE_FOLDER_PATH)/CalorieTracker";
			};
			name = Release;
		};
		C88D37492A5909BD00C42A6B /* Debug */ = {
			isa = XCBuildConfiguration;
			buildSettings = {
				ALWAYS_EMBED_SWIFT_STANDARD_LIBRARIES = YES;
				CODE_SIGN_STYLE = Automatic;
				CURRENT_PROJECT_VERSION = 1;
				DEVELOPMENT_TEAM = 88T87KFNZG;
				GENERATE_INFOPLIST_FILE = YES;
				MARKETING_VERSION = 1.0;
				PRODUCT_BUNDLE_IDENTIFIER = HongruLiu.CalorieTrackerUITests;
				PRODUCT_NAME = "$(TARGET_NAME)";
				SWIFT_EMIT_LOC_STRINGS = NO;
				SWIFT_VERSION = 5.0;
				TARGETED_DEVICE_FAMILY = "1,2";
				TEST_TARGET_NAME = CalorieTracker;
			};
			name = Debug;
		};
		C88D374A2A5909BD00C42A6B /* Release */ = {
			isa = XCBuildConfiguration;
			buildSettings = {
				ALWAYS_EMBED_SWIFT_STANDARD_LIBRARIES = YES;
				CODE_SIGN_STYLE = Automatic;
				CURRENT_PROJECT_VERSION = 1;
				DEVELOPMENT_TEAM = 88T87KFNZG;
				GENERATE_INFOPLIST_FILE = YES;
				MARKETING_VERSION = 1.0;
				PRODUCT_BUNDLE_IDENTIFIER = HongruLiu.CalorieTrackerUITests;
				PRODUCT_NAME = "$(TARGET_NAME)";
				SWIFT_EMIT_LOC_STRINGS = NO;
				SWIFT_VERSION = 5.0;
				TARGETED_DEVICE_FAMILY = "1,2";
				TEST_TARGET_NAME = CalorieTracker;
			};
			name = Release;
		};
/* End XCBuildConfiguration section */

/* Begin XCConfigurationList section */
		C88D37192A5909BC00C42A6B /* Build configuration list for PBXProject "CalorieTracker" */ = {
			isa = XCConfigurationList;
			buildConfigurations = (
				C88D37402A5909BD00C42A6B /* Debug */,
				C88D37412A5909BD00C42A6B /* Release */,
			);
			defaultConfigurationIsVisible = 0;
			defaultConfigurationName = Release;
		};
		C88D37422A5909BD00C42A6B /* Build configuration list for PBXNativeTarget "CalorieTracker" */ = {
			isa = XCConfigurationList;
			buildConfigurations = (
				C88D37432A5909BD00C42A6B /* Debug */,
				C88D37442A5909BD00C42A6B /* Release */,
			);
			defaultConfigurationIsVisible = 0;
			defaultConfigurationName = Release;
		};
		C88D37452A5909BD00C42A6B /* Build configuration list for PBXNativeTarget "CalorieTrackerTests" */ = {
			isa = XCConfigurationList;
			buildConfigurations = (
				C88D37462A5909BD00C42A6B /* Debug */,
				C88D37472A5909BD00C42A6B /* Release */,
			);
			defaultConfigurationIsVisible = 0;
			defaultConfigurationName = Release;
		};
		C88D37482A5909BD00C42A6B /* Build configuration list for PBXNativeTarget "CalorieTrackerUITests" */ = {
			isa = XCConfigurationList;
			buildConfigurations = (
				C88D37492A5909BD00C42A6B /* Debug */,
				C88D374A2A5909BD00C42A6B /* Release */,
			);
			defaultConfigurationIsVisible = 0;
			defaultConfigurationName = Release;
		};
/* End XCConfigurationList section */
	};
	rootObject = C88D37162A5909BC00C42A6B /* Project object */;
}
